
Microsoft Visual Studio Solution File, Format Version 12.00
# Visual Studio 2015
Project("{FAE04EC0-301F-11D3-BF4B-00C04F79EFBC}") = "DungeonSmasher.CSharp", "DungeonSmasher.CSharp.csproj", "{64850EB2-14C2-8CCF-9E86-C98A6E06C05B}"
EndProject
Global
	GlobalSection(SolutionConfigurationPlatforms) = preSolution
		Debug|Any CPU = Debug|Any CPU
		Release|Any CPU = Release|Any CPU
	EndGlobalSection
	GlobalSection(ProjectConfigurationPlatforms) = postSolution
		{64850EB2-14C2-8CCF-9E86-C98A6E06C05B}.Debug|Any CPU.ActiveCfg = Debug|Any CPU
		{64850EB2-14C2-8CCF-9E86-C98A6E06C05B}.Debug|Any CPU.Build.0 = Debug|Any CPU
		{64850EB2-14C2-8CCF-9E86-C98A6E06C05B}.Release|Any CPU.ActiveCfg = Release|Any CPU
		{64850EB2-14C2-8CCF-9E86-C98A6E06C05B}.Release|Any CPU.Build.0 = Release|Any CPU
	EndGlobalSection
	GlobalSection(SolutionProperties) = preSolution
		HideSolutionNode = FALSE
	EndGlobalSection
EndGlobal
